github.com/antchfx/xpath v0.0.0-20180922041825-3de91f3991a1 h1:nt4RMjvM9pJ5HR7WkCeAnDz1pgHbLT2vxICalUTWcJU=
github.com/antchfx/xpath v0.0.0-20180922041825-3de91f3991a1/go.mod h1:Yee4kTMuNiPYJ7nSNorELQMr1J33uOpXDMByNYhvtNk=
golang.org/x/net v0.0.0-20181102050134-b7e296877c6e h1:lIf8v8wMiSq+MBwNne+ZEkKrswgZ2NzQ1oeBn8eCA4c=
golang.org/x/net v0.0.0-20181102050134-b7e296877c6e/go.mod h1:mL1N/T3taQHkDXs73rZJwtUhF3w3ftmwwsq0BUmARs4=
