golang.org/x/net v0.0.0-20181102050134-b7e296877c6e h1:lIf8v8wMiSq+MBwNne+ZEkKrswgZ2NzQ1oeBn8eCA4c=
golang.org/x/net v0.0.0-20181102050134-b7e296877c6e/go.mod h1:mL1N/T3taQHkDXs73rZJwtUhF3w3ftmwwsq0BUmARs4=
src.userspace.com.au/felix/lexer v0.0.0-20190313135154-66362f48e4bb h1:bbxNsgxJrJ/0vrN5xHeSkkZATpS8fQ9KQWJhmNMBHNY=
src.userspace.com.au/felix/lexer v0.0.0-20190313135154-66362f48e4bb/go.mod h1:c/DEb5Wz8CWTqWjiU3jQWL612oUHuU46rZ39KrtHkOw=
